Microsoft Visual Studio Solution File, Format Version 11.00
# Visual Studio 2008

Project("{9E251C5A-78B4-F64E-1B71-853587F8B34B}") = "Savjars", "Assembly-CSharp.csproj", "{D81FF210-7F65-AA84-AF04-5588BD6F05A0}"
EndProject
Project("{9E251C5A-78B4-F64E-1B71-853587F8B34B}") = "Savjars", "Assembly-CSharp-Editor.csproj", "{1E3959C4-D8A0-C642-FE41-CAE6E23D1041}"
EndProject
Global
	GlobalSection(SolutionConfigurationPlatforms) = preSolution
		Debug|Any CPU = Debug|Any CPU
		Release|Any CPU = Release|Any CPU
	EndGlobalSection
	GlobalSection(ProjectConfigurationPlatforms) = postSolution
		{D81FF210-7F65-AA84-AF04-5588BD6F05A0}.Debug|Any CPU.ActiveCfg = Debug|Any CPU
		{D81FF210-7F65-AA84-AF04-5588BD6F05A0}.Debug|Any CPU.Build.0 = Debug|Any CPU
		{D81FF210-7F65-AA84-AF04-5588BD6F05A0}.Release|Any CPU.ActiveCfg = Release|Any CPU
		{D81FF210-7F65-AA84-AF04-5588BD6F05A0}.Release|Any CPU.Build.0 = Release|Any CPU
		{1E3959C4-D8A0-C642-FE41-CAE6E23D1041}.Debug|Any CPU.ActiveCfg = Debug|Any CPU
		{1E3959C4-D8A0-C642-FE41-CAE6E23D1041}.Debug|Any CPU.Build.0 = Debug|Any CPU
		{1E3959C4-D8A0-C642-FE41-CAE6E23D1041}.Release|Any CPU.ActiveCfg = Release|Any CPU
		{1E3959C4-D8A0-C642-FE41-CAE6E23D1041}.Release|Any CPU.Build.0 = Release|Any CPU
	EndGlobalSection
	GlobalSection(SolutionProperties) = preSolution
		HideSolutionNode = FALSE
	EndGlobalSection
	GlobalSection(MonoDevelopProperties) = preSolution
		StartupItem = Assembly-CSharp.csproj
	EndGlobalSection
EndGlobal
